// !$*UTF8*$!
{
	archiveVersion = 1;
	classes = {
	};
	objectVersion = 46;
	objects = {

/* Begin PBXBuildFile section */
		EB303A831EEF27E000BA601A /* AppDelegate.swift in Sources */ = {isa = PBXBuildFile; fileRef = EB303A821EEF27E000BA601A /* AppDelegate.swift */; };
		EB303A851EEF27E000BA601A /* ViewController.swift in Sources */ = {isa = PBXBuildFile; fileRef = EB303A841EEF27E000BA601A /* ViewController.swift */; };
		EB303A881EEF27E000BA601A /* Main.storyboard in Resources */ = {isa = PBXBuildFile; fileRef = EB303A861EEF27E000BA601A /* Main.storyboard */; };
		EB303A8A1EEF27E000BA601A /* Assets.xcassets in Resources */ = {isa = PBXBuildFile; fileRef = EB303A891EEF27E000BA601A /* Assets.xcassets */; };
		EB303A8D1EEF27E000BA601A /* LaunchScreen.storyboard in Resources */ = {isa = PBXBuildFile; fileRef = EB303A8B1EEF27E000BA601A /* LaunchScreen.storyboard */; };
		EB303A961EEF29DC00BA601A /* BarManagingNavigationController.swift in Sources */ = {isa = PBXBuildFile; fileRef = EB303A951EEF29DC00BA601A /* BarManagingNavigationController.swift */; };
		EB303A981EF0905B00BA601A /* BarManagingSplitViewController.swift in Sources */ = {isa = PBXBuildFile; fileRef = EB303A971EF0905B00BA601A /* BarManagingSplitViewController.swift */; };
/* End PBXBuildFile section */

/* Begin PBXFileReference section */
		EB303A7F1EEF27E000BA601A /* BarManagingNavigationTransitioning.app */ = {isa = PBXFileReference; explicitFileType = wrapper.application; includeInIndex = 0; path = BarManagingNavigationTransitioning.app; sourceTree = BUILT_PRODUCTS_DIR; };
		EB303A821EEF27E000BA601A /* AppDelegate.swift */ = {isa = PBXFileReference; lastKnownFileType = sourcecode.swift; path = AppDelegate.swift; sourceTree = "<group>"; };
		EB303A841EEF27E000BA601A /* ViewController.swift */ = {isa = PBXFileReference; lastKnownFileType = sourcecode.swift; path = ViewController.swift; sourceTree = "<group>"; };
		EB303A871EEF27E000BA601A /* Base */ = {isa = PBXFileReference; lastKnownFileType = file.storyboard; name = Base; path = Base.lproj/Main.storyboard; sourceTree = "<group>"; };
		EB303A891EEF27E000BA601A /* Assets.xcassets */ = {isa = PBXFileReference; lastKnownFileType = folder.assetcatalog; path = Assets.xcassets; sourceTree = "<group>"; };
		EB303A8C1EEF27E000BA601A /* Base */ = {isa = PBXFileReference; lastKnownFileType = file.storyboard; name = Base; path = Base.lproj/LaunchScreen.storyboard; sourceTree = "<group>"; };
		EB303A8E1EEF27E000BA601A /* Info.plist */ = {isa = PBXFileReference; lastKnownFileType = text.plist.xml; path = Info.plist; sourceTree = "<group>"; };
		EB303A951EEF29DC00BA601A /* BarManagingNavigationController.swift */ = {isa = PBXFileReference; fileEncoding = 4; lastKnownFileType = sourcecode.swift; path = BarManagingNavigationController.swift; sourceTree = "<group>"; };
		EB303A971EF0905B00BA601A /* BarManagingSplitViewController.swift */ = {isa = PBXFileReference; fileEncoding = 4; lastKnownFileType = sourcecode.swift; path = BarManagingSplitViewController.swift; sourceTree = "<group>"; };
/* End PBXFileReference section */

/* Begin PBXFrameworksBuildPhase section */
		EB303A7C1EEF27E000BA601A /* Frameworks */ = {
			isa = PBXFrameworksBuildPhase;
			buildActionMask = 2147483647;
			files = (
			);
			runOnlyForDeploymentPostprocessing = 0;
		};
/* End PBXFrameworksBuildPhase section */

/* Begin PBXGroup section */
		EB303A761EEF27E000BA601A = {
			isa = PBXGroup;
			children = (
				EB303A811EEF27E000BA601A /* BarManagingNavigationTransitioning */,
				EB303A801EEF27E000BA601A /* Products */,
			);
			sourceTree = "<group>";
		};
		EB303A801EEF27E000BA601A /* Products */ = {
			isa = PBXGroup;
			children = (
				EB303A7F1EEF27E000BA601A /* BarManagingNavigationTransitioning.app */,
			);
			name = Products;
			sourceTree = "<group>";
		};
		EB303A811EEF27E000BA601A /* BarManagingNavigationTransitioning */ = {
			isa = PBXGroup;
			children = (
				EB303A941EEF299F00BA601A /* Demo */,
				EB303A951EEF29DC00BA601A /* BarManagingNavigationController.swift */,
				EB303A971EF0905B00BA601A /* BarManagingSplitViewController.swift */,
			);
			path = BarManagingNavigationTransitioning;
			sourceTree = "<group>";
		};
		EB303A941EEF299F00BA601A /* Demo */ = {
			isa = PBXGroup;
			children = (
				EB303A821EEF27E000BA601A /* AppDelegate.swift */,
				EB303A841EEF27E000BA601A /* ViewController.swift */,
				EB303A861EEF27E000BA601A /* Main.storyboard */,
				EB303A891EEF27E000BA601A /* Assets.xcassets */,
				EB303A8B1EEF27E000BA601A /* LaunchScreen.storyboard */,
				EB303A8E1EEF27E000BA601A /* Info.plist */,
			);
			name = Demo;
			sourceTree = "<group>";
		};
/* End PBXGroup section */

/* Begin PBXNativeTarget section */
		EB303A7E1EEF27E000BA601A /* BarManagingNavigationTransitioning */ = {
			isa = PBXNativeTarget;
			buildConfigurationList = EB303A911EEF27E000BA601A /* Build configuration list for PBXNativeTarget "BarManagingNavigationTransitioning" */;
			buildPhases = (
				EB303A7B1EEF27E000BA601A /* Sources */,
				EB303A7C1EEF27E000BA601A /* Frameworks */,
				EB303A7D1EEF27E000BA601A /* Resources */,
			);
			buildRules = (
			);
			dependencies = (
			);
			name = BarManagingNavigationTransitioning;
			productName = BarManagingNavigationTransitioning;
			productReference = EB303A7F1EEF27E000BA601A /* BarManagingNavigationTransitioning.app */;
			productType = "com.apple.product-type.application";
		};
/* End PBXNativeTarget section */

/* Begin PBXProject section */
		EB303A771EEF27E000BA601A /* Project object */ = {
			isa = PBXProject;
			attributes = {
				LastSwiftUpdateCheck = 0820;
				LastUpgradeCheck = 0820;
				ORGANIZATIONNAME = "Brian Nickel";
				TargetAttributes = {
					EB303A7E1EEF27E000BA601A = {
						CreatedOnToolsVersion = 8.2;
						DevelopmentTeam = 6H4H86X6H3;
						ProvisioningStyle = Automatic;
					};
				};
			};
			buildConfigurationList = EB303A7A1EEF27E000BA601A /* Build configuration list for PBXProject "BarManagingNavigationTransitioning" */;
			compatibilityVersion = "Xcode 3.2";
			developmentRegion = English;
			hasScannedForEncodings = 0;
			knownRegions = (
				en,
				Base,
			);
			mainGroup = EB303A761EEF27E000BA601A;
			productRefGroup = EB303A801EEF27E000BA601A /* Products */;
			projectDirPath = "";
			projectRoot = "";
			targets = (
				EB303A7E1EEF27E000BA601A /* BarManagingNavigationTransitioning */,
			);
		};
/* End PBXProject section */

/* Begin PBXResourcesBuildPhase section */
		EB303A7D1EEF27E000BA601A /* Resources */ = {
			isa = PBXResourcesBuildPhase;
			buildActionMask = 2147483647;
			files = (
				EB303A8D1EEF27E000BA601A /* LaunchScreen.storyboard in Resources */,
				EB303A8A1EEF27E000BA601A /* Assets.xcassets in Resources */,
				EB303A881EEF27E000BA601A /* Main.storyboard in Resources */,
			);
			runOnlyForDeploymentPostprocessing = 0;
		};
/* End PBXResourcesBuildPhase section */

/* Begin PBXSourcesBuildPhase section */
		EB303A7B1EEF27E000BA601A /* Sources */ = {
			isa = PBXSourcesBuildPhase;
			buildActionMask = 2147483647;
			files = (
				EB303A851EEF27E000BA601A /* ViewController.swift in Sources */,
				EB303A981EF0905B00BA601A /* BarManagingSplitViewController.swift in Sources */,
				EB303A961EEF29DC00BA601A /* BarManagingNavigationController.swift in Sources */,
				EB303A831EEF27E000BA601A /* AppDelegate.swift in Sources */,
			);
			runOnlyForDeploymentPostprocessing = 0;
		};
/* End PBXSourcesBuildPhase section */

/* Begin PBXVariantGroup section */
		EB303A861EEF27E000BA601A /* Main.storyboard */ = {
			isa = PBXVariantGroup;
			children = (
				EB303A871EEF27E000BA601A /* Base */,
			);
			name = Main.storyboard;
			sourceTree = "<group>";
		};
		EB303A8B1EEF27E000BA601A /* LaunchScreen.storyboard */ = {
			isa = PBXVariantGroup;
			children = (
				EB303A8C1EEF27E000BA601A /* Base */,
			);
			name = LaunchScreen.storyboard;
			sourceTree = "<group>";
		};
/* End PBXVariantGroup section */

/* Begin XCBuildConfiguration section */
		EB303A8F1EEF27E000BA601A /* Debug */ = {
			isa = XCBuildConfiguration;
			buildSettings = {
				ALWAYS_SEARCH_USER_PATHS = NO;
				CLANG_ANALYZER_NONNULL = YES;
				CLANG_CXX_LANGUAGE_STANDARD = "gnu++0x";
				CLANG_CXX_LIBRARY = "libc++";
				CLANG_ENABLE_MODULES = YES;
				CLANG_ENABLE_OBJC_ARC = YES;
				CLANG_WARN_BOOL_CONVERSION = YES;
				CLANG_WARN_CONSTANT_CONVERSION = YES;
				CLANG_WARN_DIRECT_OBJC_ISA_USAGE = YES_ERROR;
				CLANG_WARN_DOCUMENTATION_COMMENTS = YES;
				CLANG_WARN_EMPTY_BODY = YES;
				CLANG_WARN_ENUM_CONVERSION = YES;
				CLANG_WARN_INFINITE_RECURSION = YES;
				CLANG_WARN_INT_CONVERSION = YES;
				CLANG_WARN_OBJC_ROOT_CLASS = YES_ERROR;
				CLANG_WARN_SUSPICIOUS_MOVE = YES;
				CLANG_WARN_UNREACHABLE_CODE = YES;
				CLANG_WARN__DUPLICATE_METHOD_MATCH = YES;
				"CODE_SIGN_IDENTITY[sdk=iphoneos*]" = "iPhone Developer";
				COPY_PHASE_STRIP = NO;
				DEBUG_INFORMATION_FORMAT = dwarf;
				ENABLE_STRICT_OBJC_MSGSEND = YES;
				ENABLE_TESTABILITY = YES;
				GCC_C_LANGUAGE_STANDARD = gnu99;
				GCC_DYNAMIC_NO_PIC = NO;
				GCC_NO_COMMON_BLOCKS = YES;
				GCC_OPTIMIZATION_LEVEL = 0;
				GCC_PREPROCESSOR_DEFINITIONS = (
					"DEBUG=1",
					"$(inherited)",
				);
				GCC_WARN_64_TO_32_BIT_CONVERSION = YES;
				GCC_WARN_ABOUT_RETURN_TYPE = YES_ERROR;
				GCC_WARN_UNDECLARED_SELECTOR = YES;
				GCC_WARN_UNINITIALIZED_AUTOS = YES_AGGRESSIVE;
				GCC_WARN_UNUSED_FUNCTION = YES;
				GCC_WARN_UNUSED_VARIABLE = YES;
				IPHONEOS_DEPLOYMENT_TARGET = 10.2;
				MTL_ENABLE_DEBUG_INFO = YES;
				ONLY_ACTIVE_ARCH = YES;
				SDKROOT = iphoneos;
				SWIFT_ACTIVE_COMPILATION_CONDITIONS = DEBUG;
				SWIFT_OPTIMIZATION_LEVEL = "-Onone";
			};
			name = Debug;
		};
		EB303A901EEF27E000BA601A /* Release */ = {
			isa = XCBuildConfiguration;
			buildSettings = {
				ALWAYS_SEARCH_USER_PATHS = NO;
				CLANG_ANALYZER_NONNULL = YES;
				CLANG_CXX_LANGUAGE_STANDARD = "gnu++0x";
				CLANG_CXX_LIBRARY = "libc++";
				CLANG_ENABLE_MODULES = YES;
				CLANG_ENABLE_OBJC_ARC = YES;
				CLANG_WARN_BOOL_CONVERSION = YES;
				CLANG_WARN_CONSTANT_CONVERSION = YES;
				CLANG_WARN_DIRECT_OBJC_ISA_USAGE = YES_ERROR;
				CLANG_WARN_DOCUMENTATION_COMMENTS = YES;
				CLANG_WARN_EMPTY_BODY = YES;
				CLANG_WARN_ENUM_CONVERSION = YES;
				CLANG_WARN_INFINITE_RECURSION = YES;
				CLANG_WARN_INT_CONVERSION = YES;
				CLANG_WARN_OBJC_ROOT_CLASS = YES_ERROR;
				CLANG_WARN_SUSPICIOUS_MOVE = YES;
				CLANG_WARN_UNREACHABLE_CODE = YES;
				CLANG_WARN__DUPLICATE_METHOD_MATCH = YES;
				"CODE_SIGN_IDENTITY[sdk=iphoneos*]" = "iPhone Developer";
				COPY_PHASE_STRIP = NO;
				DEBUG_INFORMATION_FORMAT = "dwarf-with-dsym";
				ENABLE_NS_ASSERTIONS = NO;
				ENABLE_STRICT_OBJC_MSGSEND = YES;
				GCC_C_LANGUAGE_STANDARD = gnu99;
				GCC_NO_COMMON_BLOCKS = YES;
				GCC_WARN_64_TO_32_BIT_CONVERSION = YES;
				GCC_WARN_ABOUT_RETURN_TYPE = YES_ERROR;
				GCC_WARN_UNDECLARED_SELECTOR = YES;
				GCC_WARN_UNINITIALIZED_AUTOS = YES_AGGRESSIVE;
				GCC_WARN_UNUSED_FUNCTION = YES;
				GCC_WARN_UNUSED_VARIABLE = YES;
				IPHONEOS_DEPLOYMENT_TARGET = 10.2;
				MTL_ENABLE_DEBUG_INFO = NO;
				SDKROOT = iphoneos;
				SWIFT_OPTIMIZATION_LEVEL = "-Owholemodule";
				VALIDATE_PRODUCT = YES;
			};
			name = Release;
		};
		EB303A921EEF27E000BA601A /* Debug */ = {
			isa = XCBuildConfiguration;
			buildSettings = {
				ASSETCATALOG_COMPILER_APPICON_NAME = AppIcon;
				DEVELOPMENT_TEAM = 6H4H86X6H3;
				INFOPLIST_FILE = BarManagingNavigationTransitioning/Info.plist;
				LD_RUNPATH_SEARCH_PATHS = "$(inherited) @executable_path/Frameworks";
				PRODUCT_BUNDLE_IDENTIFIER = com.github.bnickel.BarManagingNavigationTransitioning;
				PRODUCT_NAME = "$(TARGET_NAME)";
				SWIFT_VERSION = 3.0;
			};
			name = Debug;
		};
		EB303A931EEF27E000BA601A /* Release */ = {
			isa = XCBuildConfiguration;
			buildSettings = {
				ASSETCATALOG_COMPILER_APPICON_NAME = AppIcon;
				DEVELOPMENT_TEAM = 6H4H86X6H3;
				INFOPLIST_FILE = BarManagingNavigationTransitioning/Info.plist;
				LD_RUNPATH_SEARCH_PATHS = "$(inherited) @executable_path/Frameworks";
				PRODUCT_BUNDLE_IDENTIFIER = com.github.bnickel.BarManagingNavigationTransitioning;
				PRODUCT_NAME = "$(TARGET_NAME)";
				SWIFT_VERSION = 3.0;
			};
			name = Release;
		};
/* End XCBuildConfiguration section */

/* Begin XCConfigurationList section */
		EB303A7A1EEF27E000BA601A /* Build configuration list for PBXProject "BarManagingNavigationTransitioning" */ = {
			isa = XCConfigurationList;
			buildConfigurations = (
				EB303A8F1EEF27E000BA601A /* Debug */,
				EB303A901EEF27E000BA601A /* Release */,
			);
			defaultConfigurationIsVisible = 0;
			defaultConfigurationName = Release;
		};
		EB303A911EEF27E000BA601A /* Build configuration list for PBXNativeTarget "BarManagingNavigationTransitioning" */ = {
			isa = XCConfigurationList;
			buildConfigurations = (
				EB303A921EEF27E000BA601A /* Debug */,
				EB303A931EEF27E000BA601A /* Release */,
			);
			defaultConfigurationIsVisible = 0;
		};
/* End XCConfigurationList section */
	};
	rootObject = EB303A771EEF27E000BA601A /* Project object */;
}
